// !$*UTF8*$!
{
	archiveVersion = 1;
	classes = {
	};
	objectVersion = 48;
	objects = {

/* Begin PBXBuildFile section */
		BD8A107E1F845284000D76B5 /* AppDelegate.swift in Sources */ = {isa = PBXBuildFile; fileRef = BD8A107D1F845284000D76B5 /* AppDelegate.swift */; };
		BD8A10801F845284000D76B5 /* ViewController.swift in Sources */ = {isa = PBXBuildFile; fileRef = BD8A107F1F845284000D76B5 /* ViewController.swift */; };
		BD8A10831F845284000D76B5 /* Main.storyboard in Resources */ = {isa = PBXBuildFile; fileRef = BD8A10811F845284000D76B5 /* Main.storyboard */; };
		BD8A10851F845284000D76B5 /* Assets.xcassets in Resources */ = {isa = PBXBuildFile; fileRef = BD8A10841F845284000D76B5 /* Assets.xcassets */; };
		BD8A10881F845284000D76B5 /* LaunchScreen.storyboard in Resources */ = {isa = PBXBuildFile; fileRef = BD8A10861F845284000D76B5 /* LaunchScreen.storyboard */; };
		BD8A10931F845284000D76B5 /* TaiChaiTests.swift in Sources */ = {isa = PBXBuildFile; fileRef = BD8A10921F845284000D76B5 /* TaiChaiTests.swift */; };
		BD8A109E1F845284000D76B5 /* TaiChaiUITests.swift in Sources */ = {isa = PBXBuildFile; fileRef = BD8A109D1F845284000D76B5 /* TaiChaiUITests.swift */; };
		BD8A10AE1F8457D0000D76B5 /* CloudKit.framework in Frameworks */ = {isa = PBXBuildFile; fileRef = BD8A10AD1F8457D0000D76B5 /* CloudKit.framework */; };
/* End PBXBuildFile section */

/* Begin PBXContainerItemProxy section */
		BD8A108F1F845284000D76B5 /* PBXContainerItemProxy */ = {
			isa = PBXContainerItemProxy;
			containerPortal = BD8A10721F845284000D76B5 /* Project object */;
			proxyType = 1;
			remoteGlobalIDString = BD8A10791F845284000D76B5;
			remoteInfo = TaiChai;
		};
		BD8A109A1F845284000D76B5 /* PBXContainerItemProxy */ = {
			isa = PBXContainerItemProxy;
			containerPortal = BD8A10721F845284000D76B5 /* Project object */;
			proxyType = 1;
			remoteGlobalIDString = BD8A10791F845284000D76B5;
			remoteInfo = TaiChai;
		};
/* End PBXContainerItemProxy section */

/* Begin PBXFileReference section */
		BD8A107A1F845284000D76B5 /* TaiChai.app */ = {isa = PBXFileReference; explicitFileType = wrapper.application; includeInIndex = 0; path = TaiChai.app; sourceTree = BUILT_PRODUCTS_DIR; };
		BD8A107D1F845284000D76B5 /* AppDelegate.swift */ = {isa = PBXFileReference; lastKnownFileType = sourcecode.swift; path = AppDelegate.swift; sourceTree = "<group>"; };
		BD8A107F1F845284000D76B5 /* ViewController.swift */ = {isa = PBXFileReference; lastKnownFileType = sourcecode.swift; path = ViewController.swift; sourceTree = "<group>"; };
		BD8A10821F845284000D76B5 /* Base */ = {isa = PBXFileReference; lastKnownFileType = file.storyboard; name = Base; path = Base.lproj/Main.storyboard; sourceTree = "<group>"; };
		BD8A10841F845284000D76B5 /* Assets.xcassets */ = {isa = PBXFileReference; lastKnownFileType = folder.assetcatalog; path = Assets.xcassets; sourceTree = "<group>"; };
		BD8A10871F845284000D76B5 /* Base */ = {isa = PBXFileReference; lastKnownFileType = file.storyboard; name = Base; path = Base.lproj/LaunchScreen.storyboard; sourceTree = "<group>"; };
		BD8A10891F845284000D76B5 /* Info.plist */ = {isa = PBXFileReference; lastKnownFileType = text.plist.xml; path = Info.plist; sourceTree = "<group>"; };
		BD8A108E1F845284000D76B5 /* TaiChaiTests.xctest */ = {isa = PBXFileReference; explicitFileType = wrapper.cfbundle; includeInIndex = 0; path = TaiChaiTests.xctest; sourceTree = BUILT_PRODUCTS_DIR; };
		BD8A10921F845284000D76B5 /* TaiChaiTests.swift */ = {isa = PBXFileReference; lastKnownFileType = sourcecode.swift; path = TaiChaiTests.swift; sourceTree = "<group>"; };
		BD8A10941F845284000D76B5 /* Info.plist */ = {isa = PBXFileReference; lastKnownFileType = text.plist.xml; path = Info.plist; sourceTree = "<group>"; };
		BD8A10991F845284000D76B5 /* TaiChaiUITests.xctest */ = {isa = PBXFileReference; explicitFileType = wrapper.cfbundle; includeInIndex = 0; path = TaiChaiUITests.xctest; sourceTree = BUILT_PRODUCTS_DIR; };
		BD8A109D1F845284000D76B5 /* TaiChaiUITests.swift */ = {isa = PBXFileReference; lastKnownFileType = sourcecode.swift; path = TaiChaiUITests.swift; sourceTree = "<group>"; };
		BD8A109F1F845284000D76B5 /* Info.plist */ = {isa = PBXFileReference; lastKnownFileType = text.plist.xml; path = Info.plist; sourceTree = "<group>"; };
		BD8A10AB1F8457A9000D76B5 /* TaiChai.entitlements */ = {isa = PBXFileReference; lastKnownFileType = text.plist.entitlements; path = TaiChai.entitlements; sourceTree = "<group>"; };
		BD8A10AD1F8457D0000D76B5 /* CloudKit.framework */ = {isa = PBXFileReference; lastKnownFileType = wrapper.framework; name = CloudKit.framework; path = System/Library/Frameworks/CloudKit.framework; sourceTree = SDKROOT; };
/* End PBXFileReference section */

/* Begin PBXFrameworksBuildPhase section */
		BD8A10771F845284000D76B5 /* Frameworks */ = {
			isa = PBXFrameworksBuildPhase;
			buildActionMask = 2147483647;
			files = (
				BD8A10AE1F8457D0000D76B5 /* CloudKit.framework in Frameworks */,
			);
			runOnlyForDeploymentPostprocessing = 0;
		};
		BD8A108B1F845284000D76B5 /* Frameworks */ = {
			isa = PBXFrameworksBuildPhase;
			buildActionMask = 2147483647;
			files = (
			);
			runOnlyForDeploymentPostprocessing = 0;
		};
		BD8A10961F845284000D76B5 /* Frameworks */ = {
			isa = PBXFrameworksBuildPhase;
			buildActionMask = 2147483647;
			files = (
			);
			runOnlyForDeploymentPostprocessing = 0;
		};
/* End PBXFrameworksBuildPhase section */

/* Begin PBXGroup section */
		BD8A10711F845284000D76B5 = {
			isa = PBXGroup;
			children = (
				BD8A107C1F845284000D76B5 /* TaiChai */,
				BD8A10911F845284000D76B5 /* TaiChaiTests */,
				BD8A109C1F845284000D76B5 /* TaiChaiUITests */,
				BD8A107B1F845284000D76B5 /* Products */,
				BD8A10AC1F8457D0000D76B5 /* Frameworks */,
			);
			sourceTree = "<group>";
		};
		BD8A107B1F845284000D76B5 /* Products */ = {
			isa = PBXGroup;
			children = (
				BD8A107A1F845284000D76B5 /* TaiChai.app */,
				BD8A108E1F845284000D76B5 /* TaiChaiTests.xctest */,
				BD8A10991F845284000D76B5 /* TaiChaiUITests.xctest */,
			);
			name = Products;
			sourceTree = "<group>";
		};
		BD8A107C1F845284000D76B5 /* TaiChai */ = {
			isa = PBXGroup;
			children = (
				BD8A10AB1F8457A9000D76B5 /* TaiChai.entitlements */,
				BD8A107D1F845284000D76B5 /* AppDelegate.swift */,
				BD8A107F1F845284000D76B5 /* ViewController.swift */,
				BD8A10811F845284000D76B5 /* Main.storyboard */,
				BD8A10841F845284000D76B5 /* Assets.xcassets */,
				BD8A10861F845284000D76B5 /* LaunchScreen.storyboard */,
				BD8A10891F845284000D76B5 /* Info.plist */,
			);
			path = TaiChai;
			sourceTree = "<group>";
		};
		BD8A10911F845284000D76B5 /* TaiChaiTests */ = {
			isa = PBXGroup;
			children = (
				BD8A10921F845284000D76B5 /* TaiChaiTests.swift */,
				BD8A10941F845284000D76B5 /* Info.plist */,
			);
			path = TaiChaiTests;
			sourceTree = "<group>";
		};
		BD8A109C1F845284000D76B5 /* TaiChaiUITests */ = {
			isa = PBXGroup;
			children = (
				BD8A109D1F845284000D76B5 /* TaiChaiUITests.swift */,
				BD8A109F1F845284000D76B5 /* Info.plist */,
			);
			path = TaiChaiUITests;
			sourceTree = "<group>";
		};
		BD8A10AC1F8457D0000D76B5 /* Frameworks */ = {
			isa = PBXGroup;
			children = (
				BD8A10AD1F8457D0000D76B5 /* CloudKit.framework */,
			);
			name = Frameworks;
			sourceTree = "<group>";
		};
/* End PBXGroup section */

/* Begin PBXNativeTarget section */
		BD8A10791F845284000D76B5 /* TaiChai */ = {
			isa = PBXNativeTarget;
			buildConfigurationList = BD8A10A21F845284000D76B5 /* Build configuration list for PBXNativeTarget "TaiChai" */;
			buildPhases = (
				BD8A10761F845284000D76B5 /* Sources */,
				BD8A10771F845284000D76B5 /* Frameworks */,
				BD8A10781F845284000D76B5 /* Resources */,
			);
			buildRules = (
			);
			dependencies = (
			);
			name = TaiChai;
			productName = TaiChai;
			productReference = BD8A107A1F845284000D76B5 /* TaiChai.app */;
			productType = "com.apple.product-type.application";
		};
		BD8A108D1F845284000D76B5 /* TaiChaiTests */ = {
			isa = PBXNativeTarget;
			buildConfigurationList = BD8A10A51F845284000D76B5 /* Build configuration list for PBXNativeTarget "TaiChaiTests" */;
			buildPhases = (
				BD8A108A1F845284000D76B5 /* Sources */,
				BD8A108B1F845284000D76B5 /* Frameworks */,
				BD8A108C1F845284000D76B5 /* Resources */,
			);
			buildRules = (
			);
			dependencies = (
				BD8A10901F845284000D76B5 /* PBXTargetDependency */,
			);
			name = TaiChaiTests;
			productName = TaiChaiTests;
			productReference = BD8A108E1F845284000D76B5 /* TaiChaiTests.xctest */;
			productType = "com.apple.product-type.bundle.unit-test";
		};
		BD8A10981F845284000D76B5 /* TaiChaiUITests */ = {
			isa = PBXNativeTarget;
			buildConfigurationList = BD8A10A81F845284000D76B5 /* Build configuration list for PBXNativeTarget "TaiChaiUITests" */;
			buildPhases = (
				BD8A10951F845284000D76B5 /* Sources */,
				BD8A10961F845284000D76B5 /* Frameworks */,
				BD8A10971F845284000D76B5 /* Resources */,
			);
			buildRules = (
			);
			dependencies = (
				BD8A109B1F845284000D76B5 /* PBXTargetDependency */,
			);
			name = TaiChaiUITests;
			productName = TaiChaiUITests;
			productReference = BD8A10991F845284000D76B5 /* TaiChaiUITests.xctest */;
			productType = "com.apple.product-type.bundle.ui-testing";
		};
/* End PBXNativeTarget section */

/* Begin PBXProject section */
		BD8A10721F845284000D76B5 /* Project object */ = {
			isa = PBXProject;
			attributes = {
				LastSwiftUpdateCheck = 0900;
				LastUpgradeCheck = 0900;
				ORGANIZATIONNAME = "Guilherme Paciulli";
				TargetAttributes = {
					BD8A10791F845284000D76B5 = {
						CreatedOnToolsVersion = 9.0;
						ProvisioningStyle = Automatic;
						SystemCapabilities = {
							com.apple.Push = {
								enabled = 1;
							};
							com.apple.iCloud = {
								enabled = 1;
							};
						};
					};
					BD8A108D1F845284000D76B5 = {
						CreatedOnToolsVersion = 9.0;
						ProvisioningStyle = Automatic;
						TestTargetID = BD8A10791F845284000D76B5;
					};
					BD8A10981F845284000D76B5 = {
						CreatedOnToolsVersion = 9.0;
						ProvisioningStyle = Automatic;
						TestTargetID = BD8A10791F845284000D76B5;
					};
				};
			};
			buildConfigurationList = BD8A10751F845284000D76B5 /* Build configuration list for PBXProject "TaiChai" */;
			compatibilityVersion = "Xcode 8.0";
			developmentRegion = en;
			hasScannedForEncodings = 0;
			knownRegions = (
				en,
				Base,
			);
			mainGroup = BD8A10711F845284000D76B5;
			productRefGroup = BD8A107B1F845284000D76B5 /* Products */;
			projectDirPath = "";
			projectRoot = "";
			targets = (
				BD8A10791F845284000D76B5 /* TaiChai */,
				BD8A108D1F845284000D76B5 /* TaiChaiTests */,
				BD8A10981F845284000D76B5 /* TaiChaiUITests */,
			);
		};
/* End PBXProject section */

/* Begin PBXResourcesBuildPhase section */
		BD8A10781F845284000D76B5 /* Resources */ = {
			isa = PBXResourcesBuildPhase;
			buildActionMask = 2147483647;
			files = (
				BD8A10881F845284000D76B5 /* LaunchScreen.storyboard in Resources */,
				BD8A10851F845284000D76B5 /* Assets.xcassets in Resources */,
				BD8A10831F845284000D76B5 /* Main.storyboard in Resources */,
			);
			runOnlyForDeploymentPostprocessing = 0;
		};
		BD8A108C1F845284000D76B5 /* Resources */ = {
			isa = PBXResourcesBuildPhase;
			buildActionMask = 2147483647;
			files = (
			);
			runOnlyForDeploymentPostprocessing = 0;
		};
		BD8A10971F845284000D76B5 /* Resources */ = {
			isa = PBXResourcesBuildPhase;
			buildActionMask = 2147483647;
			files = (
			);
			runOnlyForDeploymentPostprocessing = 0;
		};
/* End PBXResourcesBuildPhase section */

/* Begin PBXSourcesBuildPhase section */
		BD8A10761F845284000D76B5 /* Sources */ = {
			isa = PBXSourcesBuildPhase;
			buildActionMask = 2147483647;
			files = (
				BD8A10801F845284000D76B5 /* ViewController.swift in Sources */,
				BD8A107E1F845284000D76B5 /* AppDelegate.swift in Sources */,
			);
			runOnlyForDeploymentPostprocessing = 0;
		};
		BD8A108A1F845284000D76B5 /* Sources */ = {
			isa = PBXSourcesBuildPhase;
			buildActionMask = 2147483647;
			files = (
				BD8A10931F845284000D76B5 /* TaiChaiTests.swift in Sources */,
			);
			runOnlyForDeploymentPostprocessing = 0;
		};
		BD8A10951F845284000D76B5 /* Sources */ = {
			isa = PBXSourcesBuildPhase;
			buildActionMask = 2147483647;
			files = (
				BD8A109E1F845284000D76B5 /* TaiChaiUITests.swift in Sources */,
			);
			runOnlyForDeploymentPostprocessing = 0;
		};
/* End PBXSourcesBuildPhase section */

/* Begin PBXTargetDependency section */
		BD8A10901F845284000D76B5 /* PBXTargetDependency */ = {
			isa = PBXTargetDependency;
			target = BD8A10791F845284000D76B5 /* TaiChai */;
			targetProxy = BD8A108F1F845284000D76B5 /* PBXContainerItemProxy */;
		};
		BD8A109B1F845284000D76B5 /* PBXTargetDependency */ = {
			isa = PBXTargetDependency;
			target = BD8A10791F845284000D76B5 /* TaiChai */;
			targetProxy = BD8A109A1F845284000D76B5 /* PBXContainerItemProxy */;
		};
/* End PBXTargetDependency section */

/* Begin PBXVariantGroup section */
		BD8A10811F845284000D76B5 /* Main.storyboard */ = {
			isa = PBXVariantGroup;
			children = (
				BD8A10821F845284000D76B5 /* Base */,
			);
			name = Main.storyboard;
			sourceTree = "<group>";
		};
		BD8A10861F845284000D76B5 /* LaunchScreen.storyboard */ = {
			isa = PBXVariantGroup;
			children = (
				BD8A10871F845284000D76B5 /* Base */,
			);
			name = LaunchScreen.storyboard;
			sourceTree = "<group>";
		};
/* End PBXVariantGroup section */

/* Begin XCBuildConfiguration section */
		BD8A10A01F845284000D76B5 /* Debug */ = {
			isa = XCBuildConfiguration;
			buildSettings = {
				ALWAYS_SEARCH_USER_PATHS = NO;
				CLANG_ANALYZER_NONNULL = YES;
				CLANG_ANALYZER_NUMBER_OBJECT_CONVERSION = YES_AGGRESSIVE;
				CLANG_CXX_LANGUAGE_STANDARD = "gnu++14";
				CLANG_CXX_LIBRARY = "libc++";
				CLANG_ENABLE_MODULES = YES;
				CLANG_ENABLE_OBJC_ARC = YES;
				CLANG_WARN_BLOCK_CAPTURE_AUTORELEASING = YES;
				CLANG_WARN_BOOL_CONVERSION = YES;
				CLANG_WARN_COMMA = YES;
				CLANG_WARN_CONSTANT_CONVERSION = YES;
				CLANG_WARN_DIRECT_OBJC_ISA_USAGE = YES_ERROR;
				CLANG_WARN_DOCUMENTATION_COMMENTS = YES;
				CLANG_WARN_EMPTY_BODY = YES;
				CLANG_WARN_ENUM_CONVERSION = YES;
				CLANG_WARN_INFINITE_RECURSION = YES;
				CLANG_WARN_INT_CONVERSION = YES;
				CLANG_WARN_NON_LITERAL_NULL_CONVERSION = YES;
				CLANG_WARN_OBJC_LITERAL_CONVERSION = YES;
				CLANG_WARN_OBJC_ROOT_CLASS = YES_ERROR;
				CLANG_WARN_RANGE_LOOP_ANALYSIS = YES;
				CLANG_WARN_STRICT_PROTOTYPES = YES;
				CLANG_WARN_SUSPICIOUS_MOVE = YES;
				CLANG_WARN_UNGUARDED_AVAILABILITY = YES_AGGRESSIVE;
				CLANG_WARN_UNREACHABLE_CODE = YES;
				CLANG_WARN__DUPLICATE_METHOD_MATCH = YES;
				CODE_SIGN_IDENTITY = "iPhone Developer";
				COPY_PHASE_STRIP = NO;
				DEBUG_INFORMATION_FORMAT = dwarf;
				ENABLE_STRICT_OBJC_MSGSEND = YES;
				ENABLE_TESTABILITY = YES;
				GCC_C_LANGUAGE_STANDARD = gnu11;
				GCC_DYNAMIC_NO_PIC = NO;
				GCC_NO_COMMON_BLOCKS = YES;
				GCC_OPTIMIZATION_LEVEL = 0;
				GCC_PREPROCESSOR_DEFINITIONS = (
					"DEBUG=1",
					"$(inherited)",
				);
				GCC_WARN_64_TO_32_BIT_CONVERSION = YES;
				GCC_WARN_ABOUT_RETURN_TYPE = YES_ERROR;
				GCC_WARN_UNDECLARED_SELECTOR = YES;
				GCC_WARN_UNINITIALIZED_AUTOS = YES_AGGRESSIVE;
				GCC_WARN_UNUSED_FUNCTION = YES;
				GCC_WARN_UNUSED_VARIABLE = YES;
				IPHONEOS_DEPLOYMENT_TARGET = 11.0;
				MTL_ENABLE_DEBUG_INFO = YES;
				ONLY_ACTIVE_ARCH = YES;
				SDKROOT = iphoneos;
				SWIFT_ACTIVE_COMPILATION_CONDITIONS = DEBUG;
				SWIFT_OPTIMIZATION_LEVEL = "-Onone";
			};
			name = Debug;
		};
		BD8A10A11F845284000D76B5 /* Release */ = {
			isa = XCBuildConfiguration;
			buildSettings = {
				ALWAYS_SEARCH_USER_PATHS = NO;
				CLANG_ANALYZER_NONNULL = YES;
				CLANG_ANALYZER_NUMBER_OBJECT_CONVERSION = YES_AGGRESSIVE;
				CLANG_CXX_LANGUAGE_STANDARD = "gnu++14";
				CLANG_CXX_LIBRARY = "libc++";
				CLANG_ENABLE_MODULES = YES;
				CLANG_ENABLE_OBJC_ARC = YES;
				CLANG_WARN_BLOCK_CAPTURE_AUTORELEASING = YES;
				CLANG_WARN_BOOL_CONVERSION = YES;
				CLANG_WARN_COMMA = YES;
				CLANG_WARN_CONSTANT_CONVERSION = YES;
				CLANG_WARN_DIRECT_OBJC_ISA_USAGE = YES_ERROR;
				CLANG_WARN_DOCUMENTATION_COMMENTS = YES;
				CLANG_WARN_EMPTY_BODY = YES;
				CLANG_WARN_ENUM_CONVERSION = YES;
				CLANG_WARN_INFINITE_RECURSION = YES;
				CLANG_WARN_INT_CONVERSION = YES;
				CLANG_WARN_NON_LITERAL_NULL_CONVERSION = YES;
				CLANG_WARN_OBJC_LITERAL_CONVERSION = YES;
				CLANG_WARN_OBJC_ROOT_CLASS = YES_ERROR;
				CLANG_WARN_RANGE_LOOP_ANALYSIS = YES;
				CLANG_WARN_STRICT_PROTOTYPES = YES;
				CLANG_WARN_SUSPICIOUS_MOVE = YES;
				CLANG_WARN_UNGUARDED_AVAILABILITY = YES_AGGRESSIVE;
				CLANG_WARN_UNREACHABLE_CODE = YES;
				CLANG_WARN__DUPLICATE_METHOD_MATCH = YES;
				CODE_SIGN_IDENTITY = "iPhone Developer";
				COPY_PHASE_STRIP = NO;
				DEBUG_INFORMATION_FORMAT = "dwarf-with-dsym";
				ENABLE_NS_ASSERTIONS = NO;
				ENABLE_STRICT_OBJC_MSGSEND = YES;
				GCC_C_LANGUAGE_STANDARD = gnu11;
				GCC_NO_COMMON_BLOCKS = YES;
				GCC_WARN_64_TO_32_BIT_CONVERSION = YES;
				GCC_WARN_ABOUT_RETURN_TYPE = YES_ERROR;
				GCC_WARN_UNDECLARED_SELECTOR = YES;
				GCC_WARN_UNINITIALIZED_AUTOS = YES_AGGRESSIVE;
				GCC_WARN_UNUSED_FUNCTION = YES;
				GCC_WARN_UNUSED_VARIABLE = YES;
				IPHONEOS_DEPLOYMENT_TARGET = 11.0;
				MTL_ENABLE_DEBUG_INFO = NO;
				SDKROOT = iphoneos;
				SWIFT_OPTIMIZATION_LEVEL = "-Owholemodule";
				VALIDATE_PRODUCT = YES;
			};
			name = Release;
		};
		BD8A10A31F845284000D76B5 /* Debug */ = {
			isa = XCBuildConfiguration;
			buildSettings = {
				ASSETCATALOG_COMPILER_APPICON_NAME = AppIcon;
				CODE_SIGN_ENTITLEMENTS = TaiChai/TaiChai.entitlements;
				CODE_SIGN_STYLE = Automatic;
				DEVELOPMENT_TEAM = VLLH384AC4;
				INFOPLIST_FILE = TaiChai/Info.plist;
				LD_RUNPATH_SEARCH_PATHS = "$(inherited) @executable_path/Frameworks";
				PRODUCT_BUNDLE_IDENTIFIER = br.mackMobile.nanoChallenge.TaiChai;
				PRODUCT_NAME = "$(TARGET_NAME)";
				SWIFT_VERSION = 4.0;
				TARGETED_DEVICE_FAMILY = "1,2";
			};
			name = Debug;
		};
		BD8A10A41F845284000D76B5 /* Release */ = {
			isa = XCBuildConfiguration;
			buildSettings = {
				ASSETCATALOG_COMPILER_APPICON_NAME = AppIcon;
				CODE_SIGN_ENTITLEMENTS = TaiChai/TaiChai.entitlements;
				CODE_SIGN_STYLE = Automatic;
				DEVELOPMENT_TEAM = VLLH384AC4;
				INFOPLIST_FILE = TaiChai/Info.plist;
				LD_RUNPATH_SEARCH_PATHS = "$(inherited) @executable_path/Frameworks";
				PRODUCT_BUNDLE_IDENTIFIER = br.mackMobile.nanoChallenge.TaiChai;
				PRODUCT_NAME = "$(TARGET_NAME)";
				SWIFT_VERSION = 4.0;
				TARGETED_DEVICE_FAMILY = "1,2";
			};
			name = Release;
		};
		BD8A10A61F845284000D76B5 /* Debug */ = {
			isa = XCBuildConfiguration;
			buildSettings = {
				ALWAYS_EMBED_SWIFT_STANDARD_LIBRARIES = YES;
				BUNDLE_LOADER = "$(TEST_HOST)";
				CODE_SIGN_STYLE = Automatic;
				DEVELOPMENT_TEAM = VLLH384AC4;
				INFOPLIST_FILE = TaiChaiTests/Info.plist;
				LD_RUNPATH_SEARCH_PATHS = "$(inherited) @executable_path/Frameworks @loader_path/Frameworks";
				PRODUCT_BUNDLE_IDENTIFIER = br.mackMobile.nanoChallenge.TaiChaiTests;
				PRODUCT_NAME = "$(TARGET_NAME)";
				SWIFT_VERSION = 4.0;
				TARGETED_DEVICE_FAMILY = "1,2";
				TEST_HOST = "$(BUILT_PRODUCTS_DIR)/TaiChai.app/TaiChai";
			};
			name = Debug;
		};
		BD8A10A71F845284000D76B5 /* Release */ = {
			isa = XCBuildConfiguration;
			buildSettings = {
				ALWAYS_EMBED_SWIFT_STANDARD_LIBRARIES = YES;
				BUNDLE_LOADER = "$(TEST_HOST)";
				CODE_SIGN_STYLE = Automatic;
				DEVELOPMENT_TEAM = VLLH384AC4;
				INFOPLIST_FILE = TaiChaiTests/Info.plist;
				LD_RUNPATH_SEARCH_PATHS = "$(inherited) @executable_path/Frameworks @loader_path/Frameworks";
				PRODUCT_BUNDLE_IDENTIFIER = br.mackMobile.nanoChallenge.TaiChaiTests;
				PRODUCT_NAME = "$(TARGET_NAME)";
				SWIFT_VERSION = 4.0;
				TARGETED_DEVICE_FAMILY = "1,2";
				TEST_HOST = "$(BUILT_PRODUCTS_DIR)/TaiChai.app/TaiChai";
			};
			name = Release;
		};
		BD8A10A91F845284000D76B5 /* Debug */ = {
			isa = XCBuildConfiguration;
			buildSettings = {
				ALWAYS_EMBED_SWIFT_STANDARD_LIBRARIES = YES;
				CODE_SIGN_STYLE = Automatic;
				DEVELOPMENT_TEAM = VLLH384AC4;
				INFOPLIST_FILE = TaiChaiUITests/Info.plist;
				LD_RUNPATH_SEARCH_PATHS = "$(inherited) @executable_path/Frameworks @loader_path/Frameworks";
				PRODUCT_BUNDLE_IDENTIFIER = br.mackMobile.nanoChallenge.TaiChaiUITests;
				PRODUCT_NAME = "$(TARGET_NAME)";
				SWIFT_VERSION = 4.0;
				TARGETED_DEVICE_FAMILY = "1,2";
				TEST_TARGET_NAME = TaiChai;
			};
			name = Debug;
		};
		BD8A10AA1F845284000D76B5 /* Release */ = {
			isa = XCBuildConfiguration;
			buildSettings = {
				ALWAYS_EMBED_SWIFT_STANDARD_LIBRARIES = YES;
				CODE_SIGN_STYLE = Automatic;
				DEVELOPMENT_TEAM = VLLH384AC4;
				INFOPLIST_FILE = TaiChaiUITests/Info.plist;
				LD_RUNPATH_SEARCH_PATHS = "$(inherited) @executable_path/Frameworks @loader_path/Frameworks";
				PRODUCT_BUNDLE_IDENTIFIER = br.mackMobile.nanoChallenge.TaiChaiUITests;
				PRODUCT_NAME = "$(TARGET_NAME)";
				SWIFT_VERSION = 4.0;
				TARGETED_DEVICE_FAMILY = "1,2";
				TEST_TARGET_NAME = TaiChai;
			};
			name = Release;
		};
/* End XCBuildConfiguration section */

/* Begin XCConfigurationList section */
		BD8A10751F845284000D76B5 /* Build configuration list for PBXProject "TaiChai" */ = {
			isa = XCConfigurationList;
			buildConfigurations = (
				BD8A10A01F845284000D76B5 /* Debug */,
				BD8A10A11F845284000D76B5 /* Release */,
			);
			defaultConfigurationIsVisible = 0;
			defaultConfigurationName = Release;
		};
		BD8A10A21F845284000D76B5 /* Build configuration list for PBXNativeTarget "TaiChai" */ = {
			isa = XCConfigurationList;
			buildConfigurations = (
				BD8A10A31F845284000D76B5 /* Debug */,
				BD8A10A41F845284000D76B5 /* Release */,
			);
			defaultConfigurationIsVisible = 0;
			defaultConfigurationName = Release;
		};
		BD8A10A51F845284000D76B5 /* Build configuration list for PBXNativeTarget "TaiChaiTests" */ = {
			isa = XCConfigurationList;
			buildConfigurations = (
				BD8A10A61F845284000D76B5 /* Debug */,
				BD8A10A71F845284000D76B5 /* Release */,
			);
			defaultConfigurationIsVisible = 0;
			defaultConfigurationName = Release;
		};
		BD8A10A81F845284000D76B5 /* Build configuration list for PBXNativeTarget "TaiChaiUITests" */ = {
			isa = XCConfigurationList;
			buildConfigurations = (
				BD8A10A91F845284000D76B5 /* Debug */,
				BD8A10AA1F845284000D76B5 /* Release */,
			);
			defaultConfigurationIsVisible = 0;
			defaultConfigurationName = Release;
		};
/* End XCConfigurationList section */
	};
	rootObject = BD8A10721F845284000D76B5 /* Project object */;
}
